
Microsoft Visual Studio Solution File, Format Version 12.00
# Visual Studio Version 17
VisualStudioVersion = 17.9.34622.214
MinimumVisualStudioVersion = 10.0.40219.1
Project("{FAE04EC0-301F-11D3-BF4B-00C04F79EFBC}") = "BtC", "BtC.csproj", "{32643348-C9F1-4371-97A7-F311AD31E382}"
EndProject
Global
	GlobalSection(SolutionConfigurationPlatforms) = preSolution
		Debug|Any CPU = Debug|Any CPU
		Release|Any CPU = Release|Any CPU
	EndGlobalSection
	GlobalSection(ProjectConfigurationPlatforms) = postSolution
		{32643348-C9F1-4371-97A7-F311AD31E382}.Debug|Any CPU.ActiveCfg = Debug|Any CPU
		{32643348-C9F1-4371-97A7-F311AD31E382}.Debug|Any CPU.Build.0 = Debug|Any CPU
		{32643348-C9F1-4371-97A7-F311AD31E382}.Release|Any CPU.ActiveCfg = Release|Any CPU
		{32643348-C9F1-4371-97A7-F311AD31E382}.Release|Any CPU.Build.0 = Release|Any CPU
	EndGlobalSection
	GlobalSection(SolutionProperties) = preSolution
		HideSolutionNode = FALSE
	EndGlobalSection
	GlobalSection(ExtensibilityGlobals) = postSolution
		SolutionGuid = {020F5CFF-5008-4B3E-87EB-A55D46F0B1B7}
	EndGlobalSection
EndGlobal
